
Microsoft Visual Studio Solution File, Format Version 12.00
# Visual Studio Version 17
VisualStudioVersion = 17.5.002.0
MinimumVisualStudioVersion = 10.0.40219.1
Project("{9A19103F-16F7-4668-BE54-9A1E7A4F7556}") = "AdoNetExample", "AdoNetExample\AdoNetExample.csproj", "{FE8EC389-CEB4-4226-8719-CBAAB1ACEF2A}"
EndProject
Global
	GlobalSection(SolutionConfigurationPlatforms) = preSolution
		Debug|Any CPU = Debug|Any CPU
		Release|Any CPU = Release|Any CPU
	EndGlobalSection
	GlobalSection(ProjectConfigurationPlatforms) = postSolution
		{FE8EC389-CEB4-4226-8719-CBAAB1ACEF2A}.Debug|Any CPU.ActiveCfg = Debug|Any CPU
		{FE8EC389-CEB4-4226-8719-CBAAB1ACEF2A}.Debug|Any CPU.Build.0 = Debug|Any CPU
		{FE8EC389-CEB4-4226-8719-CBAAB1ACEF2A}.Release|Any CPU.ActiveCfg = Release|Any CPU
		{FE8EC389-CEB4-4226-8719-CBAAB1ACEF2A}.Release|Any CPU.Build.0 = Release|Any CPU
	EndGlobalSection
	GlobalSection(SolutionProperties) = preSolution
		HideSolutionNode = FALSE
	EndGlobalSection
	GlobalSection(ExtensibilityGlobals) = postSolution
		SolutionGuid = {B2FB6F80-8AC6-4EDC-A7CE-C82FB72A48E0}
	EndGlobalSection
EndGlobal
